<?xml version="1.0" encoding="utf-8"?>
<Project ToolsVersion="4.0" xmlns="http://schemas.microsoft.com/developer/msbuild/2003">
  <ItemGroup>
    <Filter Include="Source Files">
      <UniqueIdentifier>{4FC737F1-C7A5-4376-A066-2A32D752A2FF}</UniqueIdentifier>
      <Extensions>cpp;c;cc;cxx;def;odl;idl;hpj;bat;asm;asmx</Extensions>
    </Filter>
    <Filter Include="Header Files">
      <UniqueIdentifier>{93995380-89BD-4b04-88EB-625FBE52EBFB}</UniqueIdentifier>
      <Extensions>h;hh;hpp;hxx;hm;inl;inc;ipp;xsd</Extensions>
    </Filter>
    <Filter Include="Resource Files">
      <UniqueIdentifier>{67DA6AB6-F800-4c08-8B7A-83BB121AAD01}</UniqueIdentifier>
      <Extensions>rc;ico;cur;bmp;dlg;rc2;rct;bin;rgs;gif;jpg;jpeg;jpe;resx;tiff;tif;png;wav;mfcribbon-ms</Extensions>
    </Filter>
    <Filter Include="Header Files\exception">
      <UniqueIdentifier>{0ee810ab-1197-499b-8799-34f6c11d8573}</UniqueIdentifier>
    </Filter>
    <Filter Include="Source Files\exception">
      <UniqueIdentifier>{b8e1eeda-cdc2-4b11-bfa9-2ad7287390d8}</UniqueIdentifier>
    </Filter>
    <Filter Include="Source Files\gl">
      <UniqueIdentifier>{f0030627-384f-4229-aa84-f5ea622700ea}</UniqueIdentifier>
    </Filter>
    <Filter Include="Header Files\gl">
      <UniqueIdentifier>{002d0a2e-0ef6-4c99-a220-0448ee48ecea}</UniqueIdentifier>
    </Filter>
    <Filter Include="Source Files\shaders">
      <UniqueIdentifier>{55ed9b7d-8db3-4d16-8072-8cde739a28d3}</UniqueIdentifier>
    </Filter>
    <Filter Include="Header Files\game">
      <UniqueIdentifier>{220e4191-8c6a-4ae3-9462-0e5c7f9a1f92}</UniqueIdentifier>
    </Filter>
    <Filter Include="Source Files\game">
      <UniqueIdentifier>{7f15039c-f9bf-4975-95de-4ee49b0df214}</UniqueIdentifier>
    </Filter>
    <Filter Include="Header Files\game\script">
      <UniqueIdentifier>{3a8c1664-d8f4-497d-9f1e-f9cd63b67cbf}</UniqueIdentifier>
    </Filter>
    <Filter Include="Source Files\lua scripts">
      <UniqueIdentifier>{2a51de14-f87d-4c22-b884-8ce053c4d15e}</UniqueIdentifier>
    </Filter>
    <Filter Include="Header Files\game\component">
      <UniqueIdentifier>{c6cacc05-38f7-4a60-a8dd-cdc339e4a7fb}</UniqueIdentifier>
    </Filter>
    <Filter Include="Source Files\game\component">
      <UniqueIdentifier>{2c06818d-fd6a-41a2-8f05-4d525680a22e}</UniqueIdentifier>
    </Filter>
    <Filter Include="Header Files\game\Model">
      <UniqueIdentifier>{d1720073-2a7b-47c0-ba4e-0f7bc6a2461f}</UniqueIdentifier>
    </Filter>
    <Filter Include="Source Files\game\model">
      <UniqueIdentifier>{08ac4e8d-1fdc-4bd4-8df8-f7b381f0106e}</UniqueIdentifier>
    </Filter>
    <Filter Include="Header Files\game\Lua">
      <UniqueIdentifier>{2fb79295-1d63-420c-aa15-4d6f4a9019c1}</UniqueIdentifier>
    </Filter>
    <Filter Include="Source Files\game\lua">
      <UniqueIdentifier>{5d4006b3-f429-497e-9048-4311b441e61e}</UniqueIdentifier>
    </Filter>
  </ItemGroup>
  <ItemGroup>
    <ClCompile Include="Main.cpp">
      <Filter>Source Files</Filter>
    </ClCompile>
    <ClCompile Include="Log.cpp">
      <Filter>Source Files</Filter>
    </ClCompile>
    <ClCompile Include="GameException.cpp">
      <Filter>Source Files\exception</Filter>
    </ClCompile>
    <ClCompile Include="Game.cpp">
      <Filter>Source Files</Filter>
    </ClCompile>
    <ClCompile Include="TextureLoader.cpp">
      <Filter>Source Files\game\model</Filter>
    </ClCompile>
    <ClCompile Include="Material.cpp">
      <Filter>Source Files\game\model</Filter>
    </ClCompile>
    <ClCompile Include="Mesh.cpp">
      <Filter>Source Files\game\model</Filter>
    </ClCompile>
    <ClCompile Include="Model.cpp">
      <Filter>Source Files\game\model</Filter>
    </ClCompile>
    <ClCompile Include="ModelLoader.cpp">
      <Filter>Source Files\game\model</Filter>
    </ClCompile>
    <ClCompile Include="VertexArray.cpp">
      <Filter>Source Files\gl</Filter>
    </ClCompile>
    <ClCompile Include="VertexBuffer.cpp">
      <Filter>Source Files\gl</Filter>
    </ClCompile>
    <ClCompile Include="Program.cpp">
      <Filter>Source Files\gl</Filter>
    </ClCompile>
    <ClCompile Include="Shader.cpp">
      <Filter>Source Files\gl</Filter>
    </ClCompile>
    <ClCompile Include="ProgramParameter.cpp">
      <Filter>Source Files\gl</Filter>
    </ClCompile>
    <ClCompile Include="Camera.cpp">
      <Filter>Source Files\gl</Filter>
    </ClCompile>
    <ClCompile Include="BoundingBox.cpp">
      <Filter>Source Files\game\model</Filter>
    </ClCompile>
    <ClCompile Include="SceneManager.cpp">
      <Filter>Source Files\game</Filter>
    </ClCompile>
    <ClCompile Include="Image.cpp">
      <Filter>Source Files\gl</Filter>
    </ClCompile>
    <ClCompile Include="Texture.cpp">
      <Filter>Source Files\gl</Filter>
    </ClCompile>
    <ClCompile Include="EntityLoader.cpp">
      <Filter>Source Files\game</Filter>
    </ClCompile>
    <ClCompile Include="CollisionHandler.cpp">
      <Filter>Source Files\game</Filter>
    </ClCompile>
    <ClCompile Include="Entity.cpp">
      <Filter>Source Files\game</Filter>
    </ClCompile>
    <ClCompile Include="EntityScriptHandler.cpp">
      <Filter>Source Files\game</Filter>
    </ClCompile>
    <ClCompile Include="Component.cpp">
      <Filter>Source Files\game\component</Filter>
    </ClCompile>
    <ClCompile Include="ScriptHandler.cpp">
      <Filter>Source Files\game\component</Filter>
    </ClCompile>
    <ClCompile Include="ColliderComponent.cpp">
      <Filter>Source Files\game\component</Filter>
    </ClCompile>
    <ClCompile Include="Light.cpp">
      <Filter>Source Files\gl</Filter>
    </ClCompile>
    <ClCompile Include="Transform.cpp">
      <Filter>Source Files\game</Filter>
    </ClCompile>
    <ClCompile Include="Transformable.cpp">
      <Filter>Source Files\game</Filter>
    </ClCompile>
    <ClCompile Include="Font.cpp">
      <Filter>Source Files</Filter>
    </ClCompile>
    <ClCompile Include="Text.cpp">
      <Filter>Source Files</Filter>
    </ClCompile>
    <ClCompile Include="Glyph.cpp">
      <Filter>Source Files</Filter>
    </ClCompile>
    <ClCompile Include="Transformable2d.cpp">
      <Filter>Source Files</Filter>
    </ClCompile>
    <ClCompile Include="Transform2d.cpp">
      <Filter>Source Files</Filter>
    </ClCompile>
    <ClCompile Include="Framebuffer.cpp">
      <Filter>Source Files</Filter>
    </ClCompile>
    <ClCompile Include="Script.cpp">
      <Filter>Source Files\game\lua</Filter>
    </ClCompile>
    <ClCompile Include="Utils.cpp">
      <Filter>Source Files</Filter>
    </ClCompile>
    <ClCompile Include="GraphicComponent.cpp">
      <Filter>Source Files\game\component</Filter>
    </ClCompile>
    <ClCompile Include="TransformComponent.cpp">
      <Filter>Source Files\game\component</Filter>
    </ClCompile>
    <ClCompile Include="Keyboard.cpp">
      <Filter>Source Files\game</Filter>
    </ClCompile>
    <ClCompile Include="Mouse.cpp">
      <Filter>Source Files\game</Filter>
    </ClCompile>
    <ClCompile Include="Timer.cpp">
      <Filter>Source Files</Filter>
    </ClCompile>
  </ItemGroup>
  <ItemGroup>
    <ClInclude Include="Defines.h">
      <Filter>Header Files</Filter>
    </ClInclude>
    <ClInclude Include="GameException.h">
      <Filter>Header Files\exception</Filter>
    </ClInclude>
    <ClInclude Include="Game.h">
      <Filter>Header Files</Filter>
    </ClInclude>
    <ClInclude Include="BadLogStreamException.h">
      <Filter>Header Files\exception</Filter>
    </ClInclude>
    <ClInclude Include="Material.h">
      <Filter>Header Files\game\Model</Filter>
    </ClInclude>
    <ClInclude Include="Mesh.h">
      <Filter>Header Files\game\Model</Filter>
    </ClInclude>
    <ClInclude Include="Model.h">
      <Filter>Header Files\game\Model</Filter>
    </ClInclude>
    <ClInclude Include="ModelLoader.h">
      <Filter>Header Files\game\Model</Filter>
    </ClInclude>
    <ClInclude Include="TextureLoader.h">
      <Filter>Header Files\game\Model</Filter>
    </ClInclude>
    <ClInclude Include="Types.h">
      <Filter>Header Files</Filter>
    </ClInclude>
    <ClInclude Include="VertexArray.h">
      <Filter>Header Files\gl</Filter>
    </ClInclude>
    <ClInclude Include="VertexBuffer.h">
      <Filter>Header Files\gl</Filter>
    </ClInclude>
    <ClInclude Include="CompileException.h">
      <Filter>Header Files\gl</Filter>
    </ClInclude>
    <ClInclude Include="LinkException.h">
      <Filter>Header Files\gl</Filter>
    </ClInclude>
    <ClInclude Include="Program.h">
      <Filter>Header Files\gl</Filter>
    </ClInclude>
    <ClInclude Include="Shader.h">
      <Filter>Header Files\gl</Filter>
    </ClInclude>
    <ClInclude Include="ProgramParameter.h">
      <Filter>Header Files\gl</Filter>
    </ClInclude>
    <ClInclude Include="BoundingBox.h">
      <Filter>Header Files\game\Model</Filter>
    </ClInclude>
    <ClInclude Include="Camera.h">
      <Filter>Header Files\gl</Filter>
    </ClInclude>
    <ClInclude Include="SceneManager.h">
      <Filter>Header Files\game</Filter>
    </ClInclude>
    <ClInclude Include="Image.h">
      <Filter>Header Files\gl</Filter>
    </ClInclude>
    <ClInclude Include="Texture.h">
      <Filter>Header Files\gl</Filter>
    </ClInclude>
    <ClInclude Include="UnknownFormatException.h">
      <Filter>Header Files\gl</Filter>
    </ClInclude>
    <ClInclude Include="OpenFileException.h">
      <Filter>Header Files\gl</Filter>
    </ClInclude>
    <ClInclude Include="CollisionHandler.h">
      <Filter>Header Files\game</Filter>
    </ClInclude>
    <ClInclude Include="Component.h">
      <Filter>Header Files\game\component</Filter>
    </ClInclude>
    <ClInclude Include="Entity.h">
      <Filter>Header Files\game</Filter>
    </ClInclude>
    <ClInclude Include="EntityLoader.h">
      <Filter>Header Files\game</Filter>
    </ClInclude>
    <ClInclude Include="EntityScriptHandler.h">
      <Filter>Header Files\game\script</Filter>
    </ClInclude>
    <ClInclude Include="ScriptHandler.h">
      <Filter>Header Files\game\component</Filter>
    </ClInclude>
    <ClInclude Include="ColliderComponent.h">
      <Filter>Header Files\game\component</Filter>
    </ClInclude>
    <ClInclude Include="Light.h">
      <Filter>Header Files</Filter>
    </ClInclude>
    <ClInclude Include="Transformable.h">
      <Filter>Header Files\game</Filter>
    </ClInclude>
    <ClInclude Include="Transform.h">
      <Filter>Header Files\game</Filter>
    </ClInclude>
    <ClInclude Include="Drawable.h">
      <Filter>Header Files\game</Filter>
    </ClInclude>
    <ClInclude Include="GraphicComponent.h">
      <Filter>Header Files\game\component</Filter>
    </ClInclude>
    <ClInclude Include="Context.h">
      <Filter>Header Files\gl</Filter>
    </ClInclude>
    <ClInclude Include="GlewException.h">
      <Filter>Header Files\gl</Filter>
    </ClInclude>
    <ClInclude Include="Font.h">
      <Filter>Header Files</Filter>
    </ClInclude>
    <ClInclude Include="Text.h">
      <Filter>Header Files</Filter>
    </ClInclude>
    <ClInclude Include="Glyph.h">
      <Filter>Header Files</Filter>
    </ClInclude>
    <ClInclude Include="Transformable2d.h">
      <Filter>Header Files</Filter>
    </ClInclude>
    <ClInclude Include="Transform2d.h">
      <Filter>Header Files</Filter>
    </ClInclude>
    <ClInclude Include="Rectangle.h">
      <Filter>Header Files</Filter>
    </ClInclude>
    <ClInclude Include="Framebuffer.h">
      <Filter>Header Files</Filter>
    </ClInclude>
    <ClInclude Include="Script.h">
      <Filter>Header Files\game\Lua</Filter>
    </ClInclude>
    <ClInclude Include="Register.h">
      <Filter>Header Files\game\Lua</Filter>
    </ClInclude>
    <ClInclude Include="Vector3D.h">
      <Filter>Header Files\gl</Filter>
    </ClInclude>
    <ClInclude Include="Vector2D.h">
      <Filter>Header Files\gl</Filter>
    </ClInclude>
    <ClInclude Include="Color.h">
      <Filter>Header Files\gl</Filter>
    </ClInclude>
    <ClInclude Include="Utils.h">
      <Filter>Header Files</Filter>
    </ClInclude>
    <ClInclude Include="UnknownTableElementException.h">
      <Filter>Header Files\exception</Filter>
    </ClInclude>
    <ClInclude Include="UnableToFindSpecifedTableKeyException.h">
      <Filter>Header Files\exception</Filter>
    </ClInclude>
    <ClInclude Include="NotFunctionException.h">
      <Filter>Header Files\exception</Filter>
    </ClInclude>
    <ClInclude Include="LogDefines.h">
      <Filter>Header Files</Filter>
    </ClInclude>
    <ClInclude Include="TransformComponent.h">
      <Filter>Header Files\game\component</Filter>
    </ClInclude>
    <ClInclude Include="Mouse.h">
      <Filter>Header Files\game</Filter>
    </ClInclude>
    <ClInclude Include="Keyboard.h">
      <Filter>Header Files\game</Filter>
    </ClInclude>
    <ClInclude Include="Action.h">
      <Filter>Header Files\game</Filter>
    </ClInclude>
    <ClInclude Include="Log.h">
      <Filter>Header Files</Filter>
    </ClInclude>
    <ClInclude Include="Timer.h">
      <Filter>Header Files</Filter>
    </ClInclude>
    <ClInclude Include="LuaAction.h">
      <Filter>Header Files\game</Filter>
    </ClInclude>
  </ItemGroup>
  <ItemGroup>
    <None Include="..\resources\shaders\texture.frag">
      <Filter>Source Files\shaders</Filter>
    </None>
    <None Include="..\resources\shaders\texture.vert">
      <Filter>Source Files\shaders</Filter>
    </None>
    <None Include="..\resources\lua_scripts\entities.lua">
      <Filter>Source Files\lua scripts</Filter>
    </None>
    <None Include="..\resources\lua_scripts\cow.lua">
      <Filter>Source Files\lua scripts</Filter>
    </None>
  </ItemGroup>
</Project>